
Microsoft Visual Studio Solution File, Format Version 12.00
# Visual Studio 15
VisualStudioVersion = 15.0.33403.129
MinimumVisualStudioVersion = 10.0.40219.1
Project("{FAE04EC0-301F-11D3-BF4B-00C04F79EFBC}") = "VisitorAutomata", "ConsoleApp1\VisitorAutomata.csproj", "{146ABE16-98B4-472A-9B55-F179486D9714}"
EndProject
Global
	GlobalSection(SolutionConfigurationPlatforms) = preSolution
		Debug|Any CPU = Debug|Any CPU
		Release|Any CPU = Release|Any CPU
	EndGlobalSection
	GlobalSection(ProjectConfigurationPlatforms) = postSolution
		{146ABE16-98B4-472A-9B55-F179486D9714}.Debug|Any CPU.ActiveCfg = Debug|Any CPU
		{146ABE16-98B4-472A-9B55-F179486D9714}.Debug|Any CPU.Build.0 = Debug|Any CPU
		{146ABE16-98B4-472A-9B55-F179486D9714}.Release|Any CPU.ActiveCfg = Release|Any CPU
		{146ABE16-98B4-472A-9B55-F179486D9714}.Release|Any CPU.Build.0 = Release|Any CPU
	EndGlobalSection
	GlobalSection(SolutionProperties) = preSolution
		HideSolutionNode = FALSE
	EndGlobalSection
	GlobalSection(ExtensibilityGlobals) = postSolution
		SolutionGuid = {6AC60707-DAE8-47E0-9701-847AEB834E54}
	EndGlobalSection
EndGlobal
